// !$*UTF8*$!
{
	archiveVersion = 1;
	classes = {
	};
	objectVersion = 50;
	objects = {

/* Begin PBXBuildFile section */
		13BA01F825A73E8C002AADDB /* AppDelegate.swift in Sources */ = {isa = PBXBuildFile; fileRef = 13BA01F725A73E8C002AADDB /* AppDelegate.swift */; };
		13BA01FA25A73E8C002AADDB /* ViewController.swift in Sources */ = {isa = PBXBuildFile; fileRef = 13BA01F925A73E8C002AADDB /* ViewController.swift */; };
		13BA01FC25A73E8D002AADDB /* Assets.xcassets in Resources */ = {isa = PBXBuildFile; fileRef = 13BA01FB25A73E8D002AADDB /* Assets.xcassets */; };
		13BA01FF25A73E8D002AADDB /* Main.storyboard in Resources */ = {isa = PBXBuildFile; fileRef = 13BA01FD25A73E8D002AADDB /* Main.storyboard */; };
		13BA020A25A73EA1002AADDB /* SushiController.swift in Sources */ = {isa = PBXBuildFile; fileRef = 13BA020825A73E9A002AADDB /* SushiController.swift */; };
		13BA020B25A73EA3002AADDB /* WindowController.swift in Sources */ = {isa = PBXBuildFile; fileRef = 13BA020925A73E9A002AADDB /* WindowController.swift */; };
/* End PBXBuildFile section */

/* Begin PBXFileReference section */
		13BA01F425A73E8C002AADDB /* SushiTouchBar.app */ = {isa = PBXFileReference; explicitFileType = wrapper.application; includeInIndex = 0; path = SushiTouchBar.app; sourceTree = BUILT_PRODUCTS_DIR; };
		13BA01F725A73E8C002AADDB /* AppDelegate.swift */ = {isa = PBXFileReference; lastKnownFileType = sourcecode.swift; path = AppDelegate.swift; sourceTree = "<group>"; };
		13BA01F925A73E8C002AADDB /* ViewController.swift */ = {isa = PBXFileReference; lastKnownFileType = sourcecode.swift; path = ViewController.swift; sourceTree = "<group>"; };
		13BA01FB25A73E8D002AADDB /* Assets.xcassets */ = {isa = PBXFileReference; lastKnownFileType = folder.assetcatalog; path = Assets.xcassets; sourceTree = "<group>"; };
		13BA01FE25A73E8D002AADDB /* Base */ = {isa = PBXFileReference; lastKnownFileType = file.storyboard; name = Base; path = Base.lproj/Main.storyboard; sourceTree = "<group>"; };
		13BA020025A73E8D002AADDB /* Info.plist */ = {isa = PBXFileReference; lastKnownFileType = text.plist.xml; path = Info.plist; sourceTree = "<group>"; };
		13BA020125A73E8D002AADDB /* SushiTouchBar.entitlements */ = {isa = PBXFileReference; lastKnownFileType = text.plist.entitlements; path = SushiTouchBar.entitlements; sourceTree = "<group>"; };
		13BA020825A73E9A002AADDB /* SushiController.swift */ = {isa = PBXFileReference; lastKnownFileType = sourcecode.swift; name = SushiController.swift; path = ../../TouchBar/TouchBar/SushiController.swift; sourceTree = "<group>"; };
		13BA020925A73E9A002AADDB /* WindowController.swift */ = {isa = PBXFileReference; lastKnownFileType = sourcecode.swift; name = WindowController.swift; path = ../../TouchBar/TouchBar/WindowController.swift; sourceTree = "<group>"; };
/* End PBXFileReference section */

/* Begin PBXFrameworksBuildPhase section */
		13BA01F125A73E8C002AADDB /* Frameworks */ = {
			isa = PBXFrameworksBuildPhase;
			buildActionMask = 2147483647;
			files = (
			);
			runOnlyForDeploymentPostprocessing = 0;
		};
/* End PBXFrameworksBuildPhase section */

/* Begin PBXGroup section */
		13BA01EB25A73E8C002AADDB = {
			isa = PBXGroup;
			children = (
				13BA01F625A73E8C002AADDB /* SushiTouchBar */,
				13BA01F525A73E8C002AADDB /* Products */,
			);
			sourceTree = "<group>";
		};
		13BA01F525A73E8C002AADDB /* Products */ = {
			isa = PBXGroup;
			children = (
				13BA01F425A73E8C002AADDB /* SushiTouchBar.app */,
			);
			name = Products;
			sourceTree = "<group>";
		};
		13BA01F625A73E8C002AADDB /* SushiTouchBar */ = {
			isa = PBXGroup;
			children = (
				13BA01F725A73E8C002AADDB /* AppDelegate.swift */,
				13BA01F925A73E8C002AADDB /* ViewController.swift */,
				13BA020825A73E9A002AADDB /* SushiController.swift */,
				13BA020925A73E9A002AADDB /* WindowController.swift */,
				13BA01FB25A73E8D002AADDB /* Assets.xcassets */,
				13BA01FD25A73E8D002AADDB /* Main.storyboard */,
				13BA020025A73E8D002AADDB /* Info.plist */,
				13BA020125A73E8D002AADDB /* SushiTouchBar.entitlements */,
			);
			path = SushiTouchBar;
			sourceTree = "<group>";
		};
/* End PBXGroup section */

/* Begin PBXNativeTarget section */
		13BA01F325A73E8C002AADDB /* SushiTouchBar */ = {
			isa = PBXNativeTarget;
			buildConfigurationList = 13BA020425A73E8D002AADDB /* Build configuration list for PBXNativeTarget "SushiTouchBar" */;
			buildPhases = (
				13BA01F025A73E8C002AADDB /* Sources */,
				13BA01F125A73E8C002AADDB /* Frameworks */,
				13BA01F225A73E8C002AADDB /* Resources */,
			);
			buildRules = (
			);
			dependencies = (
			);
			name = SushiTouchBar;
			productName = SushiTouchBar;
			productReference = 13BA01F425A73E8C002AADDB /* SushiTouchBar.app */;
			productType = "com.apple.product-type.application";
		};
/* End PBXNativeTarget section */

/* Begin PBXProject section */
		13BA01EC25A73E8C002AADDB /* Project object */ = {
			isa = PBXProject;
			attributes = {
				LastSwiftUpdateCheck = 1230;
				LastUpgradeCheck = 1230;
				TargetAttributes = {
					13BA01F325A73E8C002AADDB = {
						CreatedOnToolsVersion = 12.3;
					};
				};
			};
			buildConfigurationList = 13BA01EF25A73E8C002AADDB /* Build configuration list for PBXProject "SushiTouchBar" */;
			compatibilityVersion = "Xcode 9.3";
			developmentRegion = en;
			hasScannedForEncodings = 0;
			knownRegions = (
				en,
				Base,
			);
			mainGroup = 13BA01EB25A73E8C002AADDB;
			productRefGroup = 13BA01F525A73E8C002AADDB /* Products */;
			projectDirPath = "";
			projectRoot = "";
			targets = (
				13BA01F325A73E8C002AADDB /* SushiTouchBar */,
			);
		};
/* End PBXProject section */

/* Begin PBXResourcesBuildPhase section */
		13BA01F225A73E8C002AADDB /* Resources */ = {
			isa = PBXResourcesBuildPhase;
			buildActionMask = 2147483647;
			files = (
				13BA01FC25A73E8D002AADDB /* Assets.xcassets in Resources */,
				13BA01FF25A73E8D002AADDB /* Main.storyboard in Resources */,
			);
			runOnlyForDeploymentPostprocessing = 0;
		};
/* End PBXResourcesBuildPhase section */

/* Begin PBXSourcesBuildPhase section */
		13BA01F025A73E8C002AADDB /* Sources */ = {
			isa = PBXSourcesBuildPhase;
			buildActionMask = 2147483647;
			files = (
				13BA01FA25A73E8C002AADDB /* ViewController.swift in Sources */,
				13BA020B25A73EA3002AADDB /* WindowController.swift in Sources */,
				13BA01F825A73E8C002AADDB /* AppDelegate.swift in Sources */,
				13BA020A25A73EA1002AADDB /* SushiController.swift in Sources */,
			);
			runOnlyForDeploymentPostprocessing = 0;
		};
/* End PBXSourcesBuildPhase section */

/* Begin PBXVariantGroup section */
		13BA01FD25A73E8D002AADDB /* Main.storyboard */ = {
			isa = PBXVariantGroup;
			children = (
				13BA01FE25A73E8D002AADDB /* Base */,
			);
			name = Main.storyboard;
			sourceTree = "<group>";
		};
/* End PBXVariantGroup section */

/* Begin XCBuildConfiguration section */
		13BA020225A73E8D002AADDB /* Debug */ = {
			isa = XCBuildConfiguration;
			buildSettings = {
				ALWAYS_SEARCH_USER_PATHS = NO;
				CLANG_ANALYZER_NONNULL = YES;
				CLANG_ANALYZER_NUMBER_OBJECT_CONVERSION = YES_AGGRESSIVE;
				CLANG_CXX_LANGUAGE_STANDARD = "gnu++14";
				CLANG_CXX_LIBRARY = "libc++";
				CLANG_ENABLE_MODULES = YES;
				CLANG_ENABLE_OBJC_ARC = YES;
				CLANG_ENABLE_OBJC_WEAK = YES;
				CLANG_WARN_BLOCK_CAPTURE_AUTORELEASING = YES;
				CLANG_WARN_BOOL_CONVERSION = YES;
				CLANG_WARN_COMMA = YES;
				CLANG_WARN_CONSTANT_CONVERSION = YES;
				CLANG_WARN_DEPRECATED_OBJC_IMPLEMENTATIONS = YES;
				CLANG_WARN_DIRECT_OBJC_ISA_USAGE = YES_ERROR;
				CLANG_WARN_DOCUMENTATION_COMMENTS = YES;
				CLANG_WARN_EMPTY_BODY = YES;
				CLANG_WARN_ENUM_CONVERSION = YES;
				CLANG_WARN_INFINITE_RECURSION = YES;
				CLANG_WARN_INT_CONVERSION = YES;
				CLANG_WARN_NON_LITERAL_NULL_CONVERSION = YES;
				CLANG_WARN_OBJC_IMPLICIT_RETAIN_SELF = YES;
				CLANG_WARN_OBJC_LITERAL_CONVERSION = YES;
				CLANG_WARN_OBJC_ROOT_CLASS = YES_ERROR;
				CLANG_WARN_QUOTED_INCLUDE_IN_FRAMEWORK_HEADER = YES;
				CLANG_WARN_RANGE_LOOP_ANALYSIS = YES;
				CLANG_WARN_STRICT_PROTOTYPES = YES;
				CLANG_WARN_SUSPICIOUS_MOVE = YES;
				CLANG_WARN_UNGUARDED_AVAILABILITY = YES_AGGRESSIVE;
				CLANG_WARN_UNREACHABLE_CODE = YES;
				CLANG_WARN__DUPLICATE_METHOD_MATCH = YES;
				COPY_PHASE_STRIP = NO;
				DEBUG_INFORMATION_FORMAT = dwarf;
				ENABLE_STRICT_OBJC_MSGSEND = YES;
				ENABLE_TESTABILITY = YES;
				GCC_C_LANGUAGE_STANDARD = gnu11;
				GCC_DYNAMIC_NO_PIC = NO;
				GCC_NO_COMMON_BLOCKS = YES;
				GCC_OPTIMIZATION_LEVEL = 0;
				GCC_PREPROCESSOR_DEFINITIONS = (
					"DEBUG=1",
					"$(inherited)",
				);
				GCC_WARN_64_TO_32_BIT_CONVERSION = YES;
				GCC_WARN_ABOUT_RETURN_TYPE = YES_ERROR;
				GCC_WARN_UNDECLARED_SELECTOR = YES;
				GCC_WARN_UNINITIALIZED_AUTOS = YES_AGGRESSIVE;
				GCC_WARN_UNUSED_FUNCTION = YES;
				GCC_WARN_UNUSED_VARIABLE = YES;
				MACOSX_DEPLOYMENT_TARGET = 11.1;
				MTL_ENABLE_DEBUG_INFO = INCLUDE_SOURCE;
				MTL_FAST_MATH = YES;
				ONLY_ACTIVE_ARCH = YES;
				SDKROOT = macosx;
				SWIFT_ACTIVE_COMPILATION_CONDITIONS = DEBUG;
				SWIFT_OPTIMIZATION_LEVEL = "-Onone";
			};
			name = Debug;
		};
		13BA020325A73E8D002AADDB /* Release */ = {
			isa = XCBuildConfiguration;
			buildSettings = {
				ALWAYS_SEARCH_USER_PATHS = NO;
				CLANG_ANALYZER_NONNULL = YES;
				CLANG_ANALYZER_NUMBER_OBJECT_CONVERSION = YES_AGGRESSIVE;
				CLANG_CXX_LANGUAGE_STANDARD = "gnu++14";
				CLANG_CXX_LIBRARY = "libc++";
				CLANG_ENABLE_MODULES = YES;
				CLANG_ENABLE_OBJC_ARC = YES;
				CLANG_ENABLE_OBJC_WEAK = YES;
				CLANG_WARN_BLOCK_CAPTURE_AUTORELEASING = YES;
				CLANG_WARN_BOOL_CONVERSION = YES;
				CLANG_WARN_COMMA = YES;
				CLANG_WARN_CONSTANT_CONVERSION = YES;
				CLANG_WARN_DEPRECATED_OBJC_IMPLEMENTATIONS = YES;
				CLANG_WARN_DIRECT_OBJC_ISA_USAGE = YES_ERROR;
				CLANG_WARN_DOCUMENTATION_COMMENTS = YES;
				CLANG_WARN_EMPTY_BODY = YES;
				CLANG_WARN_ENUM_CONVERSION = YES;
				CLANG_WARN_INFINITE_RECURSION = YES;
				CLANG_WARN_INT_CONVERSION = YES;
				CLANG_WARN_NON_LITERAL_NULL_CONVERSION = YES;
				CLANG_WARN_OBJC_IMPLICIT_RETAIN_SELF = YES;
				CLANG_WARN_OBJC_LITERAL_CONVERSION = YES;
				CLANG_WARN_OBJC_ROOT_CLASS = YES_ERROR;
				CLANG_WARN_QUOTED_INCLUDE_IN_FRAMEWORK_HEADER = YES;
				CLANG_WARN_RANGE_LOOP_ANALYSIS = YES;
				CLANG_WARN_STRICT_PROTOTYPES = YES;
				CLANG_WARN_SUSPICIOUS_MOVE = YES;
				CLANG_WARN_UNGUARDED_AVAILABILITY = YES_AGGRESSIVE;
				CLANG_WARN_UNREACHABLE_CODE = YES;
				CLANG_WARN__DUPLICATE_METHOD_MATCH = YES;
				COPY_PHASE_STRIP = NO;
				DEBUG_INFORMATION_FORMAT = "dwarf-with-dsym";
				ENABLE_NS_ASSERTIONS = NO;
				ENABLE_STRICT_OBJC_MSGSEND = YES;
				GCC_C_LANGUAGE_STANDARD = gnu11;
				GCC_NO_COMMON_BLOCKS = YES;
				GCC_WARN_64_TO_32_BIT_CONVERSION = YES;
				GCC_WARN_ABOUT_RETURN_TYPE = YES_ERROR;
				GCC_WARN_UNDECLARED_SELECTOR = YES;
				GCC_WARN_UNINITIALIZED_AUTOS = YES_AGGRESSIVE;
				GCC_WARN_UNUSED_FUNCTION = YES;
				GCC_WARN_UNUSED_VARIABLE = YES;
				MACOSX_DEPLOYMENT_TARGET = 11.1;
				MTL_ENABLE_DEBUG_INFO = NO;
				MTL_FAST_MATH = YES;
				SDKROOT = macosx;
				SWIFT_COMPILATION_MODE = wholemodule;
				SWIFT_OPTIMIZATION_LEVEL = "-O";
			};
			name = Release;
		};
		13BA020525A73E8D002AADDB /* Debug */ = {
			isa = XCBuildConfiguration;
			buildSettings = {
				ASSETCATALOG_COMPILER_APPICON_NAME = AppIcon;
				ASSETCATALOG_COMPILER_GLOBAL_ACCENT_COLOR_NAME = AccentColor;
				CODE_SIGN_ENTITLEMENTS = SushiTouchBar/SushiTouchBar.entitlements;
				CODE_SIGN_STYLE = Automatic;
				COMBINE_HIDPI_IMAGES = YES;
				DEVELOPMENT_TEAM = 43RPG97GKY;
				ENABLE_HARDENED_RUNTIME = YES;
				INFOPLIST_FILE = SushiTouchBar/Info.plist;
				LD_RUNPATH_SEARCH_PATHS = (
					"$(inherited)",
					"@executable_path/../Frameworks",
				);
				PRODUCT_BUNDLE_IDENTIFIER = com.toshihiroGotoh.test.SushiTouchBar;
				PRODUCT_NAME = "$(TARGET_NAME)";
				SWIFT_VERSION = 5.0;
			};
			name = Debug;
		};
		13BA020625A73E8D002AADDB /* Release */ = {
			isa = XCBuildConfiguration;
			buildSettings = {
				ASSETCATALOG_COMPILER_APPICON_NAME = AppIcon;
				ASSETCATALOG_COMPILER_GLOBAL_ACCENT_COLOR_NAME = AccentColor;
				CODE_SIGN_ENTITLEMENTS = SushiTouchBar/SushiTouchBar.entitlements;
				CODE_SIGN_STYLE = Automatic;
				COMBINE_HIDPI_IMAGES = YES;
				DEVELOPMENT_TEAM = 43RPG97GKY;
				ENABLE_HARDENED_RUNTIME = YES;
				INFOPLIST_FILE = SushiTouchBar/Info.plist;
				LD_RUNPATH_SEARCH_PATHS = (
					"$(inherited)",
					"@executable_path/../Frameworks",
				);
				PRODUCT_BUNDLE_IDENTIFIER = com.toshihiroGotoh.test.SushiTouchBar;
				PRODUCT_NAME = "$(TARGET_NAME)";
				SWIFT_VERSION = 5.0;
			};
			name = Release;
		};
/* End XCBuildConfiguration section */

/* Begin XCConfigurationList section */
		13BA01EF25A73E8C002AADDB /* Build configuration list for PBXProject "SushiTouchBar" */ = {
			isa = XCConfigurationList;
			buildConfigurations = (
				13BA020225A73E8D002AADDB /* Debug */,
				13BA020325A73E8D002AADDB /* Release */,
			);
			defaultConfigurationIsVisible = 0;
			defaultConfigurationName = Release;
		};
		13BA020425A73E8D002AADDB /* Build configuration list for PBXNativeTarget "SushiTouchBar" */ = {
			isa = XCConfigurationList;
			buildConfigurations = (
				13BA020525A73E8D002AADDB /* Debug */,
				13BA020625A73E8D002AADDB /* Release */,
			);
			defaultConfigurationIsVisible = 0;
			defaultConfigurationName = Release;
		};
/* End XCConfigurationList section */
	};
	rootObject = 13BA01EC25A73E8C002AADDB /* Project object */;
}
